
Microsoft Visual Studio Solution File, Format Version 12.00
# Visual Studio Version 17
VisualStudioVersion = 17.13.35828.75 d17.13
MinimumVisualStudioVersion = 10.0.40219.1
Project("{FAE04EC0-301F-11D3-BF4B-00C04F79EFBC}") = "Api", "Api\Api.csproj", "{C8BD24B6-A7B5-485D-AA84-B14C8CA81A97}"
EndProject
Global
	GlobalSection(SolutionConfigurationPlatforms) = preSolution
		Debug|Any CPU = Debug|Any CPU
		Release|Any CPU = Release|Any CPU
	EndGlobalSection
	GlobalSection(ProjectConfigurationPlatforms) = postSolution
		{C8BD24B6-A7B5-485D-AA84-B14C8CA81A97}.Debug|Any CPU.ActiveCfg = Debug|Any CPU
		{C8BD24B6-A7B5-485D-AA84-B14C8CA81A97}.Debug|Any CPU.Build.0 = Debug|Any CPU
		{C8BD24B6-A7B5-485D-AA84-B14C8CA81A97}.Release|Any CPU.ActiveCfg = Release|Any CPU
		{C8BD24B6-A7B5-485D-AA84-B14C8CA81A97}.Release|Any CPU.Build.0 = Release|Any CPU
	EndGlobalSection
	GlobalSection(SolutionProperties) = preSolution
		HideSolutionNode = FALSE
	EndGlobalSection
	GlobalSection(ExtensibilityGlobals) = postSolution
		SolutionGuid = {A0DC1AB6-03FC-4139-BEB7-746D53F0441C}
	EndGlobalSection
EndGlobal
